// !$*UTF8*$!
{
	archiveVersion = 1;
	classes = {
	};
	objectVersion = 56;
	objects = {

/* Begin PBXBuildFile section */
		86FCB4872CD94F2300459B80 /* corebotApp.swift in Sources */ = {isa = PBXBuildFile; fileRef = 86FCB4862CD94F2300459B80 /* corebotApp.swift */; };
		86FCB4892CD94F2300459B80 /* ContentView.swift in Sources */ = {isa = PBXBuildFile; fileRef = 86FCB4882CD94F2300459B80 /* ContentView.swift */; };
		86FCB48B2CD94F2500459B80 /* Assets.xcassets in Resources */ = {isa = PBXBuildFile; fileRef = 86FCB48A2CD94F2500459B80 /* Assets.xcassets */; };
		86FCB48E2CD94F2500459B80 /* Preview Assets.xcassets in Resources */ = {isa = PBXBuildFile; fileRef = 86FCB48D2CD94F2500459B80 /* Preview Assets.xcassets */; };
		86FCB4992CD94F2500459B80 /* corebotTests.swift in Sources */ = {isa = PBXBuildFile; fileRef = 86FCB4982CD94F2500459B80 /* corebotTests.swift */; };
		86FCB4A32CD94F2500459B80 /* corebotUITests.swift in Sources */ = {isa = PBXBuildFile; fileRef = 86FCB4A22CD94F2500459B80 /* corebotUITests.swift */; };
		86FCB4A52CD94F2500459B80 /* corebotUITestsLaunchTests.swift in Sources */ = {isa = PBXBuildFile; fileRef = 86FCB4A42CD94F2500459B80 /* corebotUITestsLaunchTests.swift */; };
		86FCB4B22CD94FC900459B80 /* corebotcontroller.swift in Sources */ = {isa = PBXBuildFile; fileRef = 86FCB4B12CD94FC900459B80 /* corebotcontroller.swift */; };
/* End PBXBuildFile section */

/* Begin PBXContainerItemProxy section */
		86FCB4952CD94F2500459B80 /* PBXContainerItemProxy */ = {
			isa = PBXContainerItemProxy;
			containerPortal = 86FCB47B2CD94F2300459B80 /* Project object */;
			proxyType = 1;
			remoteGlobalIDString = 86FCB4822CD94F2300459B80;
			remoteInfo = corebot;
		};
		86FCB49F2CD94F2500459B80 /* PBXContainerItemProxy */ = {
			isa = PBXContainerItemProxy;
			containerPortal = 86FCB47B2CD94F2300459B80 /* Project object */;
			proxyType = 1;
			remoteGlobalIDString = 86FCB4822CD94F2300459B80;
			remoteInfo = corebot;
		};
/* End PBXContainerItemProxy section */

/* Begin PBXFileReference section */
		86FCB4832CD94F2300459B80 /* corebot.app */ = {isa = PBXFileReference; explicitFileType = wrapper.application; includeInIndex = 0; path = corebot.app; sourceTree = BUILT_PRODUCTS_DIR; };
		86FCB4862CD94F2300459B80 /* corebotApp.swift */ = {isa = PBXFileReference; lastKnownFileType = sourcecode.swift; path = corebotApp.swift; sourceTree = "<group>"; };
		86FCB4882CD94F2300459B80 /* ContentView.swift */ = {isa = PBXFileReference; lastKnownFileType = sourcecode.swift; path = ContentView.swift; sourceTree = "<group>"; };
		86FCB48A2CD94F2500459B80 /* Assets.xcassets */ = {isa = PBXFileReference; lastKnownFileType = folder.assetcatalog; path = Assets.xcassets; sourceTree = "<group>"; };
		86FCB48D2CD94F2500459B80 /* Preview Assets.xcassets */ = {isa = PBXFileReference; lastKnownFileType = folder.assetcatalog; path = "Preview Assets.xcassets"; sourceTree = "<group>"; };
		86FCB48F2CD94F2500459B80 /* corebot.entitlements */ = {isa = PBXFileReference; lastKnownFileType = text.plist.entitlements; path = corebot.entitlements; sourceTree = "<group>"; };
		86FCB4942CD94F2500459B80 /* corebotTests.xctest */ = {isa = PBXFileReference; explicitFileType = wrapper.cfbundle; includeInIndex = 0; path = corebotTests.xctest; sourceTree = BUILT_PRODUCTS_DIR; };
		86FCB4982CD94F2500459B80 /* corebotTests.swift */ = {isa = PBXFileReference; lastKnownFileType = sourcecode.swift; path = corebotTests.swift; sourceTree = "<group>"; };
		86FCB49E2CD94F2500459B80 /* corebotUITests.xctest */ = {isa = PBXFileReference; explicitFileType = wrapper.cfbundle; includeInIndex = 0; path = corebotUITests.xctest; sourceTree = BUILT_PRODUCTS_DIR; };
		86FCB4A22CD94F2500459B80 /* corebotUITests.swift */ = {isa = PBXFileReference; lastKnownFileType = sourcecode.swift; path = corebotUITests.swift; sourceTree = "<group>"; };
		86FCB4A42CD94F2500459B80 /* corebotUITestsLaunchTests.swift */ = {isa = PBXFileReference; lastKnownFileType = sourcecode.swift; path = corebotUITestsLaunchTests.swift; sourceTree = "<group>"; };
		86FCB4B12CD94FC900459B80 /* corebotcontroller.swift */ = {isa = PBXFileReference; lastKnownFileType = sourcecode.swift; path = corebotcontroller.swift; sourceTree = "<group>"; };
/* End PBXFileReference section */

/* Begin PBXFrameworksBuildPhase section */
		86FCB4802CD94F2300459B80 /* Frameworks */ = {
			isa = PBXFrameworksBuildPhase;
			buildActionMask = 2147483647;
			files = (
			);
			runOnlyForDeploymentPostprocessing = 0;
		};
		86FCB4912CD94F2500459B80 /* Frameworks */ = {
			isa = PBXFrameworksBuildPhase;
			buildActionMask = 2147483647;
			files = (
			);
			runOnlyForDeploymentPostprocessing = 0;
		};
		86FCB49B2CD94F2500459B80 /* Frameworks */ = {
			isa = PBXFrameworksBuildPhase;
			buildActionMask = 2147483647;
			files = (
			);
			runOnlyForDeploymentPostprocessing = 0;
		};
/* End PBXFrameworksBuildPhase section */

/* Begin PBXGroup section */
		86FCB47A2CD94F2300459B80 = {
			isa = PBXGroup;
			children = (
				86FCB4B12CD94FC900459B80 /* corebotcontroller.swift */,
				86FCB4852CD94F2300459B80 /* corebot */,
				86FCB4972CD94F2500459B80 /* corebotTests */,
				86FCB4A12CD94F2500459B80 /* corebotUITests */,
				86FCB4842CD94F2300459B80 /* Products */,
			);
			sourceTree = "<group>";
		};
		86FCB4842CD94F2300459B80 /* Products */ = {
			isa = PBXGroup;
			children = (
				86FCB4832CD94F2300459B80 /* corebot.app */,
				86FCB4942CD94F2500459B80 /* corebotTests.xctest */,
				86FCB49E2CD94F2500459B80 /* corebotUITests.xctest */,
			);
			name = Products;
			sourceTree = "<group>";
		};
		86FCB4852CD94F2300459B80 /* corebot */ = {
			isa = PBXGroup;
			children = (
				86FCB4862CD94F2300459B80 /* corebotApp.swift */,
				86FCB4882CD94F2300459B80 /* ContentView.swift */,
				86FCB48A2CD94F2500459B80 /* Assets.xcassets */,
				86FCB48F2CD94F2500459B80 /* corebot.entitlements */,
				86FCB48C2CD94F2500459B80 /* Preview Content */,
			);
			path = corebot;
			sourceTree = "<group>";
		};
		86FCB48C2CD94F2500459B80 /* Preview Content */ = {
			isa = PBXGroup;
			children = (
				86FCB48D2CD94F2500459B80 /* Preview Assets.xcassets */,
			);
			path = "Preview Content";
			sourceTree = "<group>";
		};
		86FCB4972CD94F2500459B80 /* corebotTests */ = {
			isa = PBXGroup;
			children = (
				86FCB4982CD94F2500459B80 /* corebotTests.swift */,
			);
			path = corebotTests;
			sourceTree = "<group>";
		};
		86FCB4A12CD94F2500459B80 /* corebotUITests */ = {
			isa = PBXGroup;
			children = (
				86FCB4A22CD94F2500459B80 /* corebotUITests.swift */,
				86FCB4A42CD94F2500459B80 /* corebotUITestsLaunchTests.swift */,
			);
			path = corebotUITests;
			sourceTree = "<group>";
		};
/* End PBXGroup section */

/* Begin PBXNativeTarget section */
		86FCB4822CD94F2300459B80 /* corebot */ = {
			isa = PBXNativeTarget;
			buildConfigurationList = 86FCB4A82CD94F2500459B80 /* Build configuration list for PBXNativeTarget "corebot" */;
			buildPhases = (
				86FCB47F2CD94F2300459B80 /* Sources */,
				86FCB4802CD94F2300459B80 /* Frameworks */,
				86FCB4812CD94F2300459B80 /* Resources */,
			);
			buildRules = (
			);
			dependencies = (
			);
			name = corebot;
			productName = corebot;
			productReference = 86FCB4832CD94F2300459B80 /* corebot.app */;
			productType = "com.apple.product-type.application";
		};
		86FCB4932CD94F2500459B80 /* corebotTests */ = {
			isa = PBXNativeTarget;
			buildConfigurationList = 86FCB4AB2CD94F2500459B80 /* Build configuration list for PBXNativeTarget "corebotTests" */;
			buildPhases = (
				86FCB4902CD94F2500459B80 /* Sources */,
				86FCB4912CD94F2500459B80 /* Frameworks */,
				86FCB4922CD94F2500459B80 /* Resources */,
			);
			buildRules = (
			);
			dependencies = (
				86FCB4962CD94F2500459B80 /* PBXTargetDependency */,
			);
			name = corebotTests;
			productName = corebotTests;
			productReference = 86FCB4942CD94F2500459B80 /* corebotTests.xctest */;
			productType = "com.apple.product-type.bundle.unit-test";
		};
		86FCB49D2CD94F2500459B80 /* corebotUITests */ = {
			isa = PBXNativeTarget;
			buildConfigurationList = 86FCB4AE2CD94F2500459B80 /* Build configuration list for PBXNativeTarget "corebotUITests" */;
			buildPhases = (
				86FCB49A2CD94F2500459B80 /* Sources */,
				86FCB49B2CD94F2500459B80 /* Frameworks */,
				86FCB49C2CD94F2500459B80 /* Resources */,
			);
			buildRules = (
			);
			dependencies = (
				86FCB4A02CD94F2500459B80 /* PBXTargetDependency */,
			);
			name = corebotUITests;
			productName = corebotUITests;
			productReference = 86FCB49E2CD94F2500459B80 /* corebotUITests.xctest */;
			productType = "com.apple.product-type.bundle.ui-testing";
		};
/* End PBXNativeTarget section */

/* Begin PBXProject section */
		86FCB47B2CD94F2300459B80 /* Project object */ = {
			isa = PBXProject;
			attributes = {
				BuildIndependentTargetsInParallel = 1;
				LastSwiftUpdateCheck = 1540;
				LastUpgradeCheck = 1540;
				TargetAttributes = {
					86FCB4822CD94F2300459B80 = {
						CreatedOnToolsVersion = 15.4;
					};
					86FCB4932CD94F2500459B80 = {
						CreatedOnToolsVersion = 15.4;
						TestTargetID = 86FCB4822CD94F2300459B80;
					};
					86FCB49D2CD94F2500459B80 = {
						CreatedOnToolsVersion = 15.4;
						TestTargetID = 86FCB4822CD94F2300459B80;
					};
				};
			};
			buildConfigurationList = 86FCB47E2CD94F2300459B80 /* Build configuration list for PBXProject "corebot" */;
			compatibilityVersion = "Xcode 14.0";
			developmentRegion = en;
			hasScannedForEncodings = 0;
			knownRegions = (
				en,
				Base,
			);
			mainGroup = 86FCB47A2CD94F2300459B80;
			productRefGroup = 86FCB4842CD94F2300459B80 /* Products */;
			projectDirPath = "";
			projectRoot = "";
			targets = (
				86FCB4822CD94F2300459B80 /* corebot */,
				86FCB4932CD94F2500459B80 /* corebotTests */,
				86FCB49D2CD94F2500459B80 /* corebotUITests */,
			);
		};
/* End PBXProject section */

/* Begin PBXResourcesBuildPhase section */
		86FCB4812CD94F2300459B80 /* Resources */ = {
			isa = PBXResourcesBuildPhase;
			buildActionMask = 2147483647;
			files = (
				86FCB48E2CD94F2500459B80 /* Preview Assets.xcassets in Resources */,
				86FCB48B2CD94F2500459B80 /* Assets.xcassets in Resources */,
			);
			runOnlyForDeploymentPostprocessing = 0;
		};
		86FCB4922CD94F2500459B80 /* Resources */ = {
			isa = PBXResourcesBuildPhase;
			buildActionMask = 2147483647;
			files = (
			);
			runOnlyForDeploymentPostprocessing = 0;
		};
		86FCB49C2CD94F2500459B80 /* Resources */ = {
			isa = PBXResourcesBuildPhase;
			buildActionMask = 2147483647;
			files = (
			);
			runOnlyForDeploymentPostprocessing = 0;
		};
/* End PBXResourcesBuildPhase section */

/* Begin PBXSourcesBuildPhase section */
		86FCB47F2CD94F2300459B80 /* Sources */ = {
			isa = PBXSourcesBuildPhase;
			buildActionMask = 2147483647;
			files = (
				86FCB4892CD94F2300459B80 /* ContentView.swift in Sources */,
				86FCB4B22CD94FC900459B80 /* corebotcontroller.swift in Sources */,
				86FCB4872CD94F2300459B80 /* corebotApp.swift in Sources */,
			);
			runOnlyForDeploymentPostprocessing = 0;
		};
		86FCB4902CD94F2500459B80 /* Sources */ = {
			isa = PBXSourcesBuildPhase;
			buildActionMask = 2147483647;
			files = (
				86FCB4992CD94F2500459B80 /* corebotTests.swift in Sources */,
			);
			runOnlyForDeploymentPostprocessing = 0;
		};
		86FCB49A2CD94F2500459B80 /* Sources */ = {
			isa = PBXSourcesBuildPhase;
			buildActionMask = 2147483647;
			files = (
				86FCB4A32CD94F2500459B80 /* corebotUITests.swift in Sources */,
				86FCB4A52CD94F2500459B80 /* corebotUITestsLaunchTests.swift in Sources */,
			);
			runOnlyForDeploymentPostprocessing = 0;
		};
/* End PBXSourcesBuildPhase section */

/* Begin PBXTargetDependency section */
		86FCB4962CD94F2500459B80 /* PBXTargetDependency */ = {
			isa = PBXTargetDependency;
			target = 86FCB4822CD94F2300459B80 /* corebot */;
			targetProxy = 86FCB4952CD94F2500459B80 /* PBXContainerItemProxy */;
		};
		86FCB4A02CD94F2500459B80 /* PBXTargetDependency */ = {
			isa = PBXTargetDependency;
			target = 86FCB4822CD94F2300459B80 /* corebot */;
			targetProxy = 86FCB49F2CD94F2500459B80 /* PBXContainerItemProxy */;
		};
/* End PBXTargetDependency section */

/* Begin XCBuildConfiguration section */
		86FCB4A62CD94F2500459B80 /* Debug */ = {
			isa = XCBuildConfiguration;
			buildSettings = {
				ALWAYS_SEARCH_USER_PATHS = NO;
				ASSETCATALOG_COMPILER_GENERATE_SWIFT_ASSET_SYMBOL_EXTENSIONS = YES;
				CLANG_ANALYZER_NONNULL = YES;
				CLANG_ANALYZER_NUMBER_OBJECT_CONVERSION = YES_AGGRESSIVE;
				CLANG_CXX_LANGUAGE_STANDARD = "gnu++20";
				CLANG_ENABLE_MODULES = YES;
				CLANG_ENABLE_OBJC_ARC = YES;
				CLANG_ENABLE_OBJC_WEAK = YES;
				CLANG_WARN_BLOCK_CAPTURE_AUTORELEASING = YES;
				CLANG_WARN_BOOL_CONVERSION = YES;
				CLANG_WARN_COMMA = YES;
				CLANG_WARN_CONSTANT_CONVERSION = YES;
				CLANG_WARN_DEPRECATED_OBJC_IMPLEMENTATIONS = YES;
				CLANG_WARN_DIRECT_OBJC_ISA_USAGE = YES_ERROR;
				CLANG_WARN_DOCUMENTATION_COMMENTS = YES;
				CLANG_WARN_EMPTY_BODY = YES;
				CLANG_WARN_ENUM_CONVERSION = YES;
				CLANG_WARN_INFINITE_RECURSION = YES;
				CLANG_WARN_INT_CONVERSION = YES;
				CLANG_WARN_NON_LITERAL_NULL_CONVERSION = YES;
				CLANG_WARN_OBJC_IMPLICIT_RETAIN_SELF = YES;
				CLANG_WARN_OBJC_LITERAL_CONVERSION = YES;
				CLANG_WARN_OBJC_ROOT_CLASS = YES_ERROR;
				CLANG_WARN_QUOTED_INCLUDE_IN_FRAMEWORK_HEADER = YES;
				CLANG_WARN_RANGE_LOOP_ANALYSIS = YES;
				CLANG_WARN_STRICT_PROTOTYPES = YES;
				CLANG_WARN_SUSPICIOUS_MOVE = YES;
				CLANG_WARN_UNGUARDED_AVAILABILITY = YES_AGGRESSIVE;
				CLANG_WARN_UNREACHABLE_CODE = YES;
				CLANG_WARN__DUPLICATE_METHOD_MATCH = YES;
				COPY_PHASE_STRIP = NO;
				DEBUG_INFORMATION_FORMAT = dwarf;
				ENABLE_STRICT_OBJC_MSGSEND = YES;
				ENABLE_TESTABILITY = YES;
				ENABLE_USER_SCRIPT_SANDBOXING = YES;
				GCC_C_LANGUAGE_STANDARD = gnu17;
				GCC_DYNAMIC_NO_PIC = NO;
				GCC_NO_COMMON_BLOCKS = YES;
				GCC_OPTIMIZATION_LEVEL = 0;
				GCC_PREPROCESSOR_DEFINITIONS = (
					"DEBUG=1",
					"$(inherited)",
				);
				GCC_WARN_64_TO_32_BIT_CONVERSION = YES;
				GCC_WARN_ABOUT_RETURN_TYPE = YES_ERROR;
				GCC_WARN_UNDECLARED_SELECTOR = YES;
				GCC_WARN_UNINITIALIZED_AUTOS = YES_AGGRESSIVE;
				GCC_WARN_UNUSED_FUNCTION = YES;
				GCC_WARN_UNUSED_VARIABLE = YES;
				LOCALIZATION_PREFERS_STRING_CATALOGS = YES;
				MACOSX_DEPLOYMENT_TARGET = 14.5;
				MTL_ENABLE_DEBUG_INFO = INCLUDE_SOURCE;
				MTL_FAST_MATH = YES;
				ONLY_ACTIVE_ARCH = YES;
				SDKROOT = macosx;
				SWIFT_ACTIVE_COMPILATION_CONDITIONS = "DEBUG $(inherited)";
				SWIFT_OPTIMIZATION_LEVEL = "-Onone";
			};
			name = Debug;
		};
		86FCB4A72CD94F2500459B80 /* Release */ = {
			isa = XCBuildConfiguration;
			buildSettings = {
				ALWAYS_SEARCH_USER_PATHS = NO;
				ASSETCATALOG_COMPILER_GENERATE_SWIFT_ASSET_SYMBOL_EXTENSIONS = YES;
				CLANG_ANALYZER_NONNULL = YES;
				CLANG_ANALYZER_NUMBER_OBJECT_CONVERSION = YES_AGGRESSIVE;
				CLANG_CXX_LANGUAGE_STANDARD = "gnu++20";
				CLANG_ENABLE_MODULES = YES;
				CLANG_ENABLE_OBJC_ARC = YES;
				CLANG_ENABLE_OBJC_WEAK = YES;
				CLANG_WARN_BLOCK_CAPTURE_AUTORELEASING = YES;
				CLANG_WARN_BOOL_CONVERSION = YES;
				CLANG_WARN_COMMA = YES;
				CLANG_WARN_CONSTANT_CONVERSION = YES;
				CLANG_WARN_DEPRECATED_OBJC_IMPLEMENTATIONS = YES;
				CLANG_WARN_DIRECT_OBJC_ISA_USAGE = YES_ERROR;
				CLANG_WARN_DOCUMENTATION_COMMENTS = YES;
				CLANG_WARN_EMPTY_BODY = YES;
				CLANG_WARN_ENUM_CONVERSION = YES;
				CLANG_WARN_INFINITE_RECURSION = YES;
				CLANG_WARN_INT_CONVERSION = YES;
				CLANG_WARN_NON_LITERAL_NULL_CONVERSION = YES;
				CLANG_WARN_OBJC_IMPLICIT_RETAIN_SELF = YES;
				CLANG_WARN_OBJC_LITERAL_CONVERSION = YES;
				CLANG_WARN_OBJC_ROOT_CLASS = YES_ERROR;
				CLANG_WARN_QUOTED_INCLUDE_IN_FRAMEWORK_HEADER = YES;
				CLANG_WARN_RANGE_LOOP_ANALYSIS = YES;
				CLANG_WARN_STRICT_PROTOTYPES = YES;
				CLANG_WARN_SUSPICIOUS_MOVE = YES;
				CLANG_WARN_UNGUARDED_AVAILABILITY = YES_AGGRESSIVE;
				CLANG_WARN_UNREACHABLE_CODE = YES;
				CLANG_WARN__DUPLICATE_METHOD_MATCH = YES;
				COPY_PHASE_STRIP = NO;
				DEBUG_INFORMATION_FORMAT = "dwarf-with-dsym";
				ENABLE_NS_ASSERTIONS = NO;
				ENABLE_STRICT_OBJC_MSGSEND = YES;
				ENABLE_USER_SCRIPT_SANDBOXING = YES;
				GCC_C_LANGUAGE_STANDARD = gnu17;
				GCC_NO_COMMON_BLOCKS = YES;
				GCC_WARN_64_TO_32_BIT_CONVERSION = YES;
				GCC_WARN_ABOUT_RETURN_TYPE = YES_ERROR;
				GCC_WARN_UNDECLARED_SELECTOR = YES;
				GCC_WARN_UNINITIALIZED_AUTOS = YES_AGGRESSIVE;
				GCC_WARN_UNUSED_FUNCTION = YES;
				GCC_WARN_UNUSED_VARIABLE = YES;
				LOCALIZATION_PREFERS_STRING_CATALOGS = YES;
				MACOSX_DEPLOYMENT_TARGET = 14.5;
				MTL_ENABLE_DEBUG_INFO = NO;
				MTL_FAST_MATH = YES;
				SDKROOT = macosx;
				SWIFT_COMPILATION_MODE = wholemodule;
			};
			name = Release;
		};
		86FCB4A92CD94F2500459B80 /* Debug */ = {
			isa = XCBuildConfiguration;
			buildSettings = {
				ASSETCATALOG_COMPILER_APPICON_NAME = AppIcon;
				ASSETCATALOG_COMPILER_GLOBAL_ACCENT_COLOR_NAME = AccentColor;
				CODE_SIGN_ENTITLEMENTS = corebot/corebot.entitlements;
				CODE_SIGN_STYLE = Automatic;
				COMBINE_HIDPI_IMAGES = YES;
				CURRENT_PROJECT_VERSION = 1;
				DEVELOPMENT_ASSET_PATHS = "\"corebot/Preview Content\"";
				DEVELOPMENT_TEAM = 785J3A5ZA2;
				ENABLE_HARDENED_RUNTIME = YES;
				ENABLE_PREVIEWS = YES;
				GENERATE_INFOPLIST_FILE = YES;
				INFOPLIST_KEY_NSHumanReadableCopyright = "";
				LD_RUNPATH_SEARCH_PATHS = (
					"$(inherited)",
					"@executable_path/../Frameworks",
				);
				MARKETING_VERSION = 1.0;
				PRODUCT_BUNDLE_IDENTIFIER = corebot.corebot;
				PRODUCT_NAME = "$(TARGET_NAME)";
				SWIFT_EMIT_LOC_STRINGS = YES;
				SWIFT_VERSION = 5.0;
			};
			name = Debug;
		};
		86FCB4AA2CD94F2500459B80 /* Release */ = {
			isa = XCBuildConfiguration;
			buildSettings = {
				ASSETCATALOG_COMPILER_APPICON_NAME = AppIcon;
				ASSETCATALOG_COMPILER_GLOBAL_ACCENT_COLOR_NAME = AccentColor;
				CODE_SIGN_ENTITLEMENTS = corebot/corebot.entitlements;
				CODE_SIGN_STYLE = Automatic;
				COMBINE_HIDPI_IMAGES = YES;
				CURRENT_PROJECT_VERSION = 1;
				DEVELOPMENT_ASSET_PATHS = "\"corebot/Preview Content\"";
				DEVELOPMENT_TEAM = 785J3A5ZA2;
				ENABLE_HARDENED_RUNTIME = YES;
				ENABLE_PREVIEWS = YES;
				GENERATE_INFOPLIST_FILE = YES;
				INFOPLIST_KEY_NSHumanReadableCopyright = "";
				LD_RUNPATH_SEARCH_PATHS = (
					"$(inherited)",
					"@executable_path/../Frameworks",
				);
				MARKETING_VERSION = 1.0;
				PRODUCT_BUNDLE_IDENTIFIER = corebot.corebot;
				PRODUCT_NAME = "$(TARGET_NAME)";
				SWIFT_EMIT_LOC_STRINGS = YES;
				SWIFT_VERSION = 5.0;
			};
			name = Release;
		};
		86FCB4AC2CD94F2500459B80 /* Debug */ = {
			isa = XCBuildConfiguration;
			buildSettings = {
				ALWAYS_EMBED_SWIFT_STANDARD_LIBRARIES = YES;
				BUNDLE_LOADER = "$(TEST_HOST)";
				CODE_SIGN_STYLE = Automatic;
				CURRENT_PROJECT_VERSION = 1;
				DEVELOPMENT_TEAM = 785J3A5ZA2;
				GENERATE_INFOPLIST_FILE = YES;
				MACOSX_DEPLOYMENT_TARGET = 14.5;
				MARKETING_VERSION = 1.0;
				PRODUCT_BUNDLE_IDENTIFIER = corebot.corebotTests;
				PRODUCT_NAME = "$(TARGET_NAME)";
				SWIFT_EMIT_LOC_STRINGS = NO;
				SWIFT_VERSION = 5.0;
				TEST_HOST = "$(BUILT_PRODUCTS_DIR)/corebot.app/$(BUNDLE_EXECUTABLE_FOLDER_PATH)/corebot";
			};
			name = Debug;
		};
		86FCB4AD2CD94F2500459B80 /* Release */ = {
			isa = XCBuildConfiguration;
			buildSettings = {
				ALWAYS_EMBED_SWIFT_STANDARD_LIBRARIES = YES;
				BUNDLE_LOADER = "$(TEST_HOST)";
				CODE_SIGN_STYLE = Automatic;
				CURRENT_PROJECT_VERSION = 1;
				DEVELOPMENT_TEAM = 785J3A5ZA2;
				GENERATE_INFOPLIST_FILE = YES;
				MACOSX_DEPLOYMENT_TARGET = 14.5;
				MARKETING_VERSION = 1.0;
				PRODUCT_BUNDLE_IDENTIFIER = corebot.corebotTests;
				PRODUCT_NAME = "$(TARGET_NAME)";
				SWIFT_EMIT_LOC_STRINGS = NO;
				SWIFT_VERSION = 5.0;
				TEST_HOST = "$(BUILT_PRODUCTS_DIR)/corebot.app/$(BUNDLE_EXECUTABLE_FOLDER_PATH)/corebot";
			};
			name = Release;
		};
		86FCB4AF2CD94F2500459B80 /* Debug */ = {
			isa = XCBuildConfiguration;
			buildSettings = {
				ALWAYS_EMBED_SWIFT_STANDARD_LIBRARIES = YES;
				CODE_SIGN_STYLE = Automatic;
				CURRENT_PROJECT_VERSION = 1;
				DEVELOPMENT_TEAM = 785J3A5ZA2;
				GENERATE_INFOPLIST_FILE = YES;
				MARKETING_VERSION = 1.0;
				PRODUCT_BUNDLE_IDENTIFIER = corebot.corebotUITests;
				PRODUCT_NAME = "$(TARGET_NAME)";
				SWIFT_EMIT_LOC_STRINGS = NO;
				SWIFT_VERSION = 5.0;
				TEST_TARGET_NAME = corebot;
			};
			name = Debug;
		};
		86FCB4B02CD94F2500459B80 /* Release */ = {
			isa = XCBuildConfiguration;
			buildSettings = {
				ALWAYS_EMBED_SWIFT_STANDARD_LIBRARIES = YES;
				CODE_SIGN_STYLE = Automatic;
				CURRENT_PROJECT_VERSION = 1;
				DEVELOPMENT_TEAM = 785J3A5ZA2;
				GENERATE_INFOPLIST_FILE = YES;
				MARKETING_VERSION = 1.0;
				PRODUCT_BUNDLE_IDENTIFIER = corebot.corebotUITests;
				PRODUCT_NAME = "$(TARGET_NAME)";
				SWIFT_EMIT_LOC_STRINGS = NO;
				SWIFT_VERSION = 5.0;
				TEST_TARGET_NAME = corebot;
			};
			name = Release;
		};
/* End XCBuildConfiguration section */

/* Begin XCConfigurationList section */
		86FCB47E2CD94F2300459B80 /* Build configuration list for PBXProject "corebot" */ = {
			isa = XCConfigurationList;
			buildConfigurations = (
				86FCB4A62CD94F2500459B80 /* Debug */,
				86FCB4A72CD94F2500459B80 /* Release */,
			);
			defaultConfigurationIsVisible = 0;
			defaultConfigurationName = Release;
		};
		86FCB4A82CD94F2500459B80 /* Build configuration list for PBXNativeTarget "corebot" */ = {
			isa = XCConfigurationList;
			buildConfigurations = (
				86FCB4A92CD94F2500459B80 /* Debug */,
				86FCB4AA2CD94F2500459B80 /* Release */,
			);
			defaultConfigurationIsVisible = 0;
			defaultConfigurationName = Release;
		};
		86FCB4AB2CD94F2500459B80 /* Build configuration list for PBXNativeTarget "corebotTests" */ = {
			isa = XCConfigurationList;
			buildConfigurations = (
				86FCB4AC2CD94F2500459B80 /* Debug */,
				86FCB4AD2CD94F2500459B80 /* Release */,
			);
			defaultConfigurationIsVisible = 0;
			defaultConfigurationName = Release;
		};
		86FCB4AE2CD94F2500459B80 /* Build configuration list for PBXNativeTarget "corebotUITests" */ = {
			isa = XCConfigurationList;
			buildConfigurations = (
				86FCB4AF2CD94F2500459B80 /* Debug */,
				86FCB4B02CD94F2500459B80 /* Release */,
			);
			defaultConfigurationIsVisible = 0;
			defaultConfigurationName = Release;
		};
/* End XCConfigurationList section */
	};
	rootObject = 86FCB47B2CD94F2300459B80 /* Project object */;
}
